
Microsoft Visual Studio Solution File, Format Version 11.00
# Visual Studio 2010
Project("{FAE04EC0-301F-11D3-BF4B-00C04F79EFBC}") = "WebViewer", "Viewer\WebViewer.csproj", "{D5D937C4-5C60-42D3-ABE4-A015C8747CFA}"
EndProject
Project("{FAE04EC0-301F-11D3-BF4B-00C04F79EFBC}") = "Model", "Model\Model.csproj", "{B36F290D-D840-4CB3-A8BA-C3A5A8770A40}"
EndProject
Project("{FAE04EC0-301F-11D3-BF4B-00C04F79EFBC}") = "Scanner", "Scanner\Scanner.csproj", "{08012805-495C-4D6D-B09D-10E487C795A4}"
EndProject
Global
	GlobalSection(SolutionConfigurationPlatforms) = preSolution
		Debug|Any CPU = Debug|Any CPU
		Debug|Mixed Platforms = Debug|Mixed Platforms
		Debug|x86 = Debug|x86
		Release|Any CPU = Release|Any CPU
		Release|Mixed Platforms = Release|Mixed Platforms
		Release|x86 = Release|x86
	EndGlobalSection
	GlobalSection(ProjectConfigurationPlatforms) = postSolution
		{D5D937C4-5C60-42D3-ABE4-A015C8747CFA}.Debug|Any CPU.ActiveCfg = Debug|Any CPU
		{D5D937C4-5C60-42D3-ABE4-A015C8747CFA}.Debug|Any CPU.Build.0 = Debug|Any CPU
		{D5D937C4-5C60-42D3-ABE4-A015C8747CFA}.Debug|Mixed Platforms.ActiveCfg = Debug|Any CPU
		{D5D937C4-5C60-42D3-ABE4-A015C8747CFA}.Debug|Mixed Platforms.Build.0 = Debug|Any CPU
		{D5D937C4-5C60-42D3-ABE4-A015C8747CFA}.Debug|x86.ActiveCfg = Debug|Any CPU
		{D5D937C4-5C60-42D3-ABE4-A015C8747CFA}.Release|Any CPU.ActiveCfg = Release|Any CPU
		{D5D937C4-5C60-42D3-ABE4-A015C8747CFA}.Release|Any CPU.Build.0 = Release|Any CPU
		{D5D937C4-5C60-42D3-ABE4-A015C8747CFA}.Release|Mixed Platforms.ActiveCfg = Release|Any CPU
		{D5D937C4-5C60-42D3-ABE4-A015C8747CFA}.Release|Mixed Platforms.Build.0 = Release|Any CPU
		{D5D937C4-5C60-42D3-ABE4-A015C8747CFA}.Release|x86.ActiveCfg = Release|Any CPU
		{B36F290D-D840-4CB3-A8BA-C3A5A8770A40}.Debug|Any CPU.ActiveCfg = Debug|Any CPU
		{B36F290D-D840-4CB3-A8BA-C3A5A8770A40}.Debug|Any CPU.Build.0 = Debug|Any CPU
		{B36F290D-D840-4CB3-A8BA-C3A5A8770A40}.Debug|Mixed Platforms.ActiveCfg = Debug|Any CPU
		{B36F290D-D840-4CB3-A8BA-C3A5A8770A40}.Debug|Mixed Platforms.Build.0 = Debug|Any CPU
		{B36F290D-D840-4CB3-A8BA-C3A5A8770A40}.Debug|x86.ActiveCfg = Debug|Any CPU
		{B36F290D-D840-4CB3-A8BA-C3A5A8770A40}.Release|Any CPU.ActiveCfg = Release|Any CPU
		{B36F290D-D840-4CB3-A8BA-C3A5A8770A40}.Release|Any CPU.Build.0 = Release|Any CPU
		{B36F290D-D840-4CB3-A8BA-C3A5A8770A40}.Release|Mixed Platforms.ActiveCfg = Release|Any CPU
		{B36F290D-D840-4CB3-A8BA-C3A5A8770A40}.Release|Mixed Platforms.Build.0 = Release|Any CPU
		{B36F290D-D840-4CB3-A8BA-C3A5A8770A40}.Release|x86.ActiveCfg = Release|Any CPU
		{08012805-495C-4D6D-B09D-10E487C795A4}.Debug|Any CPU.ActiveCfg = Debug|x86
		{08012805-495C-4D6D-B09D-10E487C795A4}.Debug|Mixed Platforms.ActiveCfg = Debug|x86
		{08012805-495C-4D6D-B09D-10E487C795A4}.Debug|Mixed Platforms.Build.0 = Debug|x86
		{08012805-495C-4D6D-B09D-10E487C795A4}.Debug|x86.ActiveCfg = Debug|x86
		{08012805-495C-4D6D-B09D-10E487C795A4}.Debug|x86.Build.0 = Debug|x86
		{08012805-495C-4D6D-B09D-10E487C795A4}.Release|Any CPU.ActiveCfg = Release|x86
		{08012805-495C-4D6D-B09D-10E487C795A4}.Release|Mixed Platforms.ActiveCfg = Release|x86
		{08012805-495C-4D6D-B09D-10E487C795A4}.Release|Mixed Platforms.Build.0 = Release|x86
		{08012805-495C-4D6D-B09D-10E487C795A4}.Release|x86.ActiveCfg = Release|x86
		{08012805-495C-4D6D-B09D-10E487C795A4}.Release|x86.Build.0 = Release|x86
	EndGlobalSection
	GlobalSection(SolutionProperties) = preSolution
		HideSolutionNode = FALSE
	EndGlobalSection
EndGlobal
