
Microsoft Visual Studio Solution File, Format Version 12.00
# Visual Studio Version 16
VisualStudioVersion = 16.0.30804.86
MinimumVisualStudioVersion = 15.0.26124.0
Project("{9A19103F-16F7-4668-BE54-9A1E7A4F7556}") = "Model", "Model\Model.csproj", "{771BB705-6133-4DEC-A3AB-0E31FBB9952B}"
EndProject
Project("{9A19103F-16F7-4668-BE54-9A1E7A4F7556}") = "WinViewer", "WinViewer\WinViewer.csproj", "{5533E91C-9FF2-4DF3-9F1B-C9452E6DA441}"
EndProject
Project("{FAE04EC0-301F-11D3-BF4B-00C04F79EFBC}") = "WebViewer", "WebViewer\WebViewer.csproj", "{D5D937C4-5C60-42D3-ABE4-A015C8747CFA}"
EndProject
Project("{FAE04EC0-301F-11D3-BF4B-00C04F79EFBC}") = "Converter", "Converter\Converter.csproj", "{B244116F-9B6A-472E-B82F-D822C7E3FA13}"
EndProject
Global
	GlobalSection(SolutionConfigurationPlatforms) = preSolution
		Debug|Any CPU = Debug|Any CPU
		Debug|x64 = Debug|x64
		Debug|x86 = Debug|x86
		Release|Any CPU = Release|Any CPU
		Release|x64 = Release|x64
		Release|x86 = Release|x86
	EndGlobalSection
	GlobalSection(ProjectConfigurationPlatforms) = postSolution
		{771BB705-6133-4DEC-A3AB-0E31FBB9952B}.Debug|Any CPU.ActiveCfg = Debug|Any CPU
		{771BB705-6133-4DEC-A3AB-0E31FBB9952B}.Debug|Any CPU.Build.0 = Debug|Any CPU
		{771BB705-6133-4DEC-A3AB-0E31FBB9952B}.Debug|x64.ActiveCfg = Debug|Any CPU
		{771BB705-6133-4DEC-A3AB-0E31FBB9952B}.Debug|x64.Build.0 = Debug|Any CPU
		{771BB705-6133-4DEC-A3AB-0E31FBB9952B}.Debug|x86.ActiveCfg = Debug|Any CPU
		{771BB705-6133-4DEC-A3AB-0E31FBB9952B}.Debug|x86.Build.0 = Debug|Any CPU
		{771BB705-6133-4DEC-A3AB-0E31FBB9952B}.Release|Any CPU.ActiveCfg = Release|Any CPU
		{771BB705-6133-4DEC-A3AB-0E31FBB9952B}.Release|Any CPU.Build.0 = Release|Any CPU
		{771BB705-6133-4DEC-A3AB-0E31FBB9952B}.Release|x64.ActiveCfg = Release|Any CPU
		{771BB705-6133-4DEC-A3AB-0E31FBB9952B}.Release|x64.Build.0 = Release|Any CPU
		{771BB705-6133-4DEC-A3AB-0E31FBB9952B}.Release|x86.ActiveCfg = Release|Any CPU
		{771BB705-6133-4DEC-A3AB-0E31FBB9952B}.Release|x86.Build.0 = Release|Any CPU
		{5533E91C-9FF2-4DF3-9F1B-C9452E6DA441}.Debug|Any CPU.ActiveCfg = Debug|Any CPU
		{5533E91C-9FF2-4DF3-9F1B-C9452E6DA441}.Debug|Any CPU.Build.0 = Debug|Any CPU
		{5533E91C-9FF2-4DF3-9F1B-C9452E6DA441}.Debug|x64.ActiveCfg = Debug|Any CPU
		{5533E91C-9FF2-4DF3-9F1B-C9452E6DA441}.Debug|x64.Build.0 = Debug|Any CPU
		{5533E91C-9FF2-4DF3-9F1B-C9452E6DA441}.Debug|x86.ActiveCfg = Debug|Any CPU
		{5533E91C-9FF2-4DF3-9F1B-C9452E6DA441}.Debug|x86.Build.0 = Debug|Any CPU
		{5533E91C-9FF2-4DF3-9F1B-C9452E6DA441}.Release|Any CPU.ActiveCfg = Release|Any CPU
		{5533E91C-9FF2-4DF3-9F1B-C9452E6DA441}.Release|Any CPU.Build.0 = Release|Any CPU
		{5533E91C-9FF2-4DF3-9F1B-C9452E6DA441}.Release|x64.ActiveCfg = Release|Any CPU
		{5533E91C-9FF2-4DF3-9F1B-C9452E6DA441}.Release|x64.Build.0 = Release|Any CPU
		{5533E91C-9FF2-4DF3-9F1B-C9452E6DA441}.Release|x86.ActiveCfg = Release|Any CPU
		{5533E91C-9FF2-4DF3-9F1B-C9452E6DA441}.Release|x86.Build.0 = Release|Any CPU
		{D5D937C4-5C60-42D3-ABE4-A015C8747CFA}.Debug|Any CPU.ActiveCfg = Debug|Any CPU
		{D5D937C4-5C60-42D3-ABE4-A015C8747CFA}.Debug|Any CPU.Build.0 = Debug|Any CPU
		{D5D937C4-5C60-42D3-ABE4-A015C8747CFA}.Debug|x64.ActiveCfg = Debug|Any CPU
		{D5D937C4-5C60-42D3-ABE4-A015C8747CFA}.Debug|x64.Build.0 = Debug|Any CPU
		{D5D937C4-5C60-42D3-ABE4-A015C8747CFA}.Debug|x86.ActiveCfg = Debug|Any CPU
		{D5D937C4-5C60-42D3-ABE4-A015C8747CFA}.Debug|x86.Build.0 = Debug|Any CPU
		{D5D937C4-5C60-42D3-ABE4-A015C8747CFA}.Release|Any CPU.ActiveCfg = Release|Any CPU
		{D5D937C4-5C60-42D3-ABE4-A015C8747CFA}.Release|Any CPU.Build.0 = Release|Any CPU
		{D5D937C4-5C60-42D3-ABE4-A015C8747CFA}.Release|x64.ActiveCfg = Release|Any CPU
		{D5D937C4-5C60-42D3-ABE4-A015C8747CFA}.Release|x64.Build.0 = Release|Any CPU
		{D5D937C4-5C60-42D3-ABE4-A015C8747CFA}.Release|x86.ActiveCfg = Release|Any CPU
		{D5D937C4-5C60-42D3-ABE4-A015C8747CFA}.Release|x86.Build.0 = Release|Any CPU
		{B244116F-9B6A-472E-B82F-D822C7E3FA13}.Debug|Any CPU.ActiveCfg = Debug|Any CPU
		{B244116F-9B6A-472E-B82F-D822C7E3FA13}.Debug|Any CPU.Build.0 = Debug|Any CPU
		{B244116F-9B6A-472E-B82F-D822C7E3FA13}.Debug|x64.ActiveCfg = Debug|Any CPU
		{B244116F-9B6A-472E-B82F-D822C7E3FA13}.Debug|x64.Build.0 = Debug|Any CPU
		{B244116F-9B6A-472E-B82F-D822C7E3FA13}.Debug|x86.ActiveCfg = Debug|Any CPU
		{B244116F-9B6A-472E-B82F-D822C7E3FA13}.Debug|x86.Build.0 = Debug|Any CPU
		{B244116F-9B6A-472E-B82F-D822C7E3FA13}.Release|Any CPU.ActiveCfg = Release|Any CPU
		{B244116F-9B6A-472E-B82F-D822C7E3FA13}.Release|Any CPU.Build.0 = Release|Any CPU
		{B244116F-9B6A-472E-B82F-D822C7E3FA13}.Release|x64.ActiveCfg = Release|Any CPU
		{B244116F-9B6A-472E-B82F-D822C7E3FA13}.Release|x64.Build.0 = Release|Any CPU
		{B244116F-9B6A-472E-B82F-D822C7E3FA13}.Release|x86.ActiveCfg = Release|Any CPU
		{B244116F-9B6A-472E-B82F-D822C7E3FA13}.Release|x86.Build.0 = Release|Any CPU
	EndGlobalSection
	GlobalSection(SolutionProperties) = preSolution
		HideSolutionNode = FALSE
	EndGlobalSection
	GlobalSection(ExtensibilityGlobals) = postSolution
		SolutionGuid = {330E26EC-524A-4FCA-8013-F36D6CFE54A7}
	EndGlobalSection
EndGlobal
